
Microsoft Visual Studio Solution File, Format Version 12.00
# Visual Studio Version 17
VisualStudioVersion = 17.4.33213.308
MinimumVisualStudioVersion = 10.0.40219.1
Project("{FAE04EC0-301F-11D3-BF4B-00C04F79EFBC}") = "varios forms", "varios forms\varios forms.csproj", "{21F532A5-8D73-4FB2-9711-BF8004CB5ECF}"
EndProject
Global
	GlobalSection(SolutionConfigurationPlatforms) = preSolution
		Debug|Any CPU = Debug|Any CPU
		Release|Any CPU = Release|Any CPU
	EndGlobalSection
	GlobalSection(ProjectConfigurationPlatforms) = postSolution
		{21F532A5-8D73-4FB2-9711-BF8004CB5ECF}.Debug|Any CPU.ActiveCfg = Debug|Any CPU
		{21F532A5-8D73-4FB2-9711-BF8004CB5ECF}.Debug|Any CPU.Build.0 = Debug|Any CPU
		{21F532A5-8D73-4FB2-9711-BF8004CB5ECF}.Release|Any CPU.ActiveCfg = Release|Any CPU
		{21F532A5-8D73-4FB2-9711-BF8004CB5ECF}.Release|Any CPU.Build.0 = Release|Any CPU
	EndGlobalSection
	GlobalSection(SolutionProperties) = preSolution
		HideSolutionNode = FALSE
	EndGlobalSection
	GlobalSection(ExtensibilityGlobals) = postSolution
		SolutionGuid = {DF5E3C72-F8E5-4662-AF10-58F8BF3516B4}
	EndGlobalSection
EndGlobal
